
Microsoft Visual Studio Solution File, Format Version 12.00
# Visual Studio Version 16
VisualStudioVersion = 16.0.29306.81
MinimumVisualStudioVersion = 10.0.40219.1
Project("{FAE04EC0-301F-11D3-BF4B-00C04F79EFBC}") = "SHLib", "SHLib.csproj", "{FDCFB2D8-7606-45B5-9181-7F3C67C1F460}"
EndProject
Global
	GlobalSection(SolutionConfigurationPlatforms) = preSolution
		Debug|Any CPU = Debug|Any CPU
		Release|Any CPU = Release|Any CPU
	EndGlobalSection
	GlobalSection(ProjectConfigurationPlatforms) = postSolution
		{FDCFB2D8-7606-45B5-9181-7F3C67C1F460}.Debug|Any CPU.ActiveCfg = Debug|Any CPU
		{FDCFB2D8-7606-45B5-9181-7F3C67C1F460}.Debug|Any CPU.Build.0 = Debug|Any CPU
		{FDCFB2D8-7606-45B5-9181-7F3C67C1F460}.Release|Any CPU.ActiveCfg = Release|Any CPU
		{FDCFB2D8-7606-45B5-9181-7F3C67C1F460}.Release|Any CPU.Build.0 = Release|Any CPU
	EndGlobalSection
	GlobalSection(SolutionProperties) = preSolution
		HideSolutionNode = FALSE
	EndGlobalSection
	GlobalSection(ExtensibilityGlobals) = postSolution
		SolutionGuid = {F8C0AFE1-D77C-424E-ADB3-15090A6A0122}
	EndGlobalSection
EndGlobal
